{
  "name": "restaurant",
  "version": "1.0.0",
  "lockfileVersion": 1,
  "requires": true,
  "dependencies": {
    "cross-fetch": {
      "version": "2.0.0",
      "resolved": "https://registry.npmjs.org/cross-fetch/-/cross-fetch-2.0.0.tgz",
      "integrity": "sha512-gnx0GnDyW73iDq6DpqceL8i4GGn55PPKDzNwZkopJ3mKPcfJ0BUIXBsnYfJBVw+jFDB+hzIp2ELNRdqoxN6M3w==",
      "requires": {
        "node-fetch": "2.0.0",
        "whatwg-fetch": "2.0.3"
      }
    },
    "graphql-request": {
      "version": "1.6.0",
      "resolved": "https://registry.npmjs.org/graphql-request/-/graphql-request-1.6.0.tgz",
      "integrity": "sha512-qqAPLZuaGlwZDsMQ2FfgEyZMcXFMsPPDl6bQQlmwP/xCnk1TqxkE1S644LsHTXAHYPvmRWsIimfdcnys5+o+fQ==",
      "requires": {
        "cross-fetch": "2.0.0"
      }
    },
    "node-fetch": {
      "version": "2.0.0",
      "resolved": "https://registry.npmjs.org/node-fetch/-/node-fetch-2.0.0.tgz",
      "integrity": "sha1-mCu6Q+zU8pIqKcwYamu7C7c/y6Y="
    },
    "whatwg-fetch": {
      "version": "2.0.3",
      "resolved": "https://registry.npmjs.org/whatwg-fetch/-/whatwg-fetch-2.0.3.tgz",
      "integrity": "sha1-nITsLc9oGH/wC8ZOEnS0QhduHIQ="
    }
  }
}
